
Microsoft Visual Studio Solution File, Format Version 12.00
# Visual Studio 15
VisualStudioVersion = 15.0.27130.2036
MinimumVisualStudioVersion = 10.0.40219.1
Project("{8BC9CEB8-8B4A-11D0-8D11-00A0C91BC942}") = "String", "String\String.vcxproj", "{48967A38-B756-45E8-8124-9892A2215D2B}"
EndProject
Global
	GlobalSection(SolutionConfigurationPlatforms) = preSolution
		Debug|x64 = Debug|x64
		Debug|x86 = Debug|x86
		Release|x64 = Release|x64
		Release|x86 = Release|x86
	EndGlobalSection
	GlobalSection(ProjectConfigurationPlatforms) = postSolution
		{48967A38-B756-45E8-8124-9892A2215D2B}.Debug|x64.ActiveCfg = Debug|x64
		{48967A38-B756-45E8-8124-9892A2215D2B}.Debug|x64.Build.0 = Debug|x64
		{48967A38-B756-45E8-8124-9892A2215D2B}.Debug|x86.ActiveCfg = Debug|Win32
		{48967A38-B756-45E8-8124-9892A2215D2B}.Debug|x86.Build.0 = Debug|Win32
		{48967A38-B756-45E8-8124-9892A2215D2B}.Release|x64.ActiveCfg = Release|x64
		{48967A38-B756-45E8-8124-9892A2215D2B}.Release|x64.Build.0 = Release|x64
		{48967A38-B756-45E8-8124-9892A2215D2B}.Release|x86.ActiveCfg = Release|Win32
		{48967A38-B756-45E8-8124-9892A2215D2B}.Release|x86.Build.0 = Release|Win32
	EndGlobalSection
	GlobalSection(SolutionProperties) = preSolution
		HideSolutionNode = FALSE
	EndGlobalSection
	GlobalSection(ExtensibilityGlobals) = postSolution
		SolutionGuid = {09EA7B79-92FF-472D-A24B-1C7CFFB0DD8C}
	EndGlobalSection
EndGlobal
