
Microsoft Visual Studio Solution File, Format Version 12.00
# Visual Studio 15
VisualStudioVersion = 15.0.27130.2036
MinimumVisualStudioVersion = 10.0.40219.1
Project("{8BC9CEB8-8B4A-11D0-8D11-00A0C91BC942}") = "For Loops", "For Loops\For Loops.vcxproj", "{FFF581CC-B395-47EE-9C5F-58A814D2AFEC}"
EndProject
Global
	GlobalSection(SolutionConfigurationPlatforms) = preSolution
		Debug|x64 = Debug|x64
		Debug|x86 = Debug|x86
		Release|x64 = Release|x64
		Release|x86 = Release|x86
	EndGlobalSection
	GlobalSection(ProjectConfigurationPlatforms) = postSolution
		{FFF581CC-B395-47EE-9C5F-58A814D2AFEC}.Debug|x64.ActiveCfg = Debug|x64
		{FFF581CC-B395-47EE-9C5F-58A814D2AFEC}.Debug|x64.Build.0 = Debug|x64
		{FFF581CC-B395-47EE-9C5F-58A814D2AFEC}.Debug|x86.ActiveCfg = Debug|Win32
		{FFF581CC-B395-47EE-9C5F-58A814D2AFEC}.Debug|x86.Build.0 = Debug|Win32
		{FFF581CC-B395-47EE-9C5F-58A814D2AFEC}.Release|x64.ActiveCfg = Release|x64
		{FFF581CC-B395-47EE-9C5F-58A814D2AFEC}.Release|x64.Build.0 = Release|x64
		{FFF581CC-B395-47EE-9C5F-58A814D2AFEC}.Release|x86.ActiveCfg = Release|Win32
		{FFF581CC-B395-47EE-9C5F-58A814D2AFEC}.Release|x86.Build.0 = Release|Win32
	EndGlobalSection
	GlobalSection(SolutionProperties) = preSolution
		HideSolutionNode = FALSE
	EndGlobalSection
	GlobalSection(ExtensibilityGlobals) = postSolution
		SolutionGuid = {21AE8EFD-80FA-46EE-B3C4-A5B9AFF1B91D}
	EndGlobalSection
EndGlobal
